
Microsoft Visual Studio Solution File, Format Version 12.00
# Visual Studio Version 16
VisualStudioVersion = 16.0.33328.57
MinimumVisualStudioVersion = 10.0.40219.1
Project("{9A19103F-16F7-4668-BE54-9A1E7A4F7556}") = "Es_13_03", "Es_13_03\Es_13_03.csproj", "{60C507F8-0D6D-461B-A95A-86C9F2C36DCA}"
EndProject
Project("{9A19103F-16F7-4668-BE54-9A1E7A4F7556}") = "The World", "The World\The World.csproj", "{36399034-82BC-4DAA-A12F-4DF629CD7F29}"
EndProject
Project("{9A19103F-16F7-4668-BE54-9A1E7A4F7556}") = "Bonus Cittadino", "Bonus Cittadino\Bonus Cittadino.csproj", "{813130D1-B8FC-459D-9DEB-C819035D5623}"
EndProject
Project("{FAE04EC0-301F-11D3-BF4B-00C04F79EFBC}") = "Abstraction", "Abstraction\Abstraction.csproj", "{859759E0-FF22-4BE0-826E-6E3F4FDDCA2B}"
EndProject
Project("{FAE04EC0-301F-11D3-BF4B-00C04F79EFBC}") = "Esercizio_Int", "Esercizio_Int\Esercizio_Int.csproj", "{46BA153D-3D8D-4130-B12B-ED1028CEF1CA}"
EndProject
Global
	GlobalSection(SolutionConfigurationPlatforms) = preSolution
		Debug|Any CPU = Debug|Any CPU
		Release|Any CPU = Release|Any CPU
	EndGlobalSection
	GlobalSection(ProjectConfigurationPlatforms) = postSolution
		{60C507F8-0D6D-461B-A95A-86C9F2C36DCA}.Debug|Any CPU.ActiveCfg = Debug|Any CPU
		{60C507F8-0D6D-461B-A95A-86C9F2C36DCA}.Debug|Any CPU.Build.0 = Debug|Any CPU
		{60C507F8-0D6D-461B-A95A-86C9F2C36DCA}.Release|Any CPU.ActiveCfg = Release|Any CPU
		{60C507F8-0D6D-461B-A95A-86C9F2C36DCA}.Release|Any CPU.Build.0 = Release|Any CPU
		{36399034-82BC-4DAA-A12F-4DF629CD7F29}.Debug|Any CPU.ActiveCfg = Debug|Any CPU
		{36399034-82BC-4DAA-A12F-4DF629CD7F29}.Debug|Any CPU.Build.0 = Debug|Any CPU
		{36399034-82BC-4DAA-A12F-4DF629CD7F29}.Release|Any CPU.ActiveCfg = Release|Any CPU
		{36399034-82BC-4DAA-A12F-4DF629CD7F29}.Release|Any CPU.Build.0 = Release|Any CPU
		{813130D1-B8FC-459D-9DEB-C819035D5623}.Debug|Any CPU.ActiveCfg = Debug|Any CPU
		{813130D1-B8FC-459D-9DEB-C819035D5623}.Debug|Any CPU.Build.0 = Debug|Any CPU
		{813130D1-B8FC-459D-9DEB-C819035D5623}.Release|Any CPU.ActiveCfg = Release|Any CPU
		{813130D1-B8FC-459D-9DEB-C819035D5623}.Release|Any CPU.Build.0 = Release|Any CPU
		{859759E0-FF22-4BE0-826E-6E3F4FDDCA2B}.Debug|Any CPU.ActiveCfg = Debug|Any CPU
		{859759E0-FF22-4BE0-826E-6E3F4FDDCA2B}.Debug|Any CPU.Build.0 = Debug|Any CPU
		{859759E0-FF22-4BE0-826E-6E3F4FDDCA2B}.Release|Any CPU.ActiveCfg = Release|Any CPU
		{859759E0-FF22-4BE0-826E-6E3F4FDDCA2B}.Release|Any CPU.Build.0 = Release|Any CPU
		{46BA153D-3D8D-4130-B12B-ED1028CEF1CA}.Debug|Any CPU.ActiveCfg = Debug|Any CPU
		{46BA153D-3D8D-4130-B12B-ED1028CEF1CA}.Debug|Any CPU.Build.0 = Debug|Any CPU
		{46BA153D-3D8D-4130-B12B-ED1028CEF1CA}.Release|Any CPU.ActiveCfg = Release|Any CPU
		{46BA153D-3D8D-4130-B12B-ED1028CEF1CA}.Release|Any CPU.Build.0 = Release|Any CPU
	EndGlobalSection
	GlobalSection(SolutionProperties) = preSolution
		HideSolutionNode = FALSE
	EndGlobalSection
	GlobalSection(ExtensibilityGlobals) = postSolution
		SolutionGuid = {FC8F8350-27A6-4166-A54A-8B2F1E08ED45}
	EndGlobalSection
EndGlobal
