
Microsoft Visual Studio Solution File, Format Version 12.00
# Visual Studio Version 16
VisualStudioVersion = 16.0.33328.57
MinimumVisualStudioVersion = 10.0.40219.1
Project("{9A19103F-16F7-4668-BE54-9A1E7A4F7556}") = "Es_13_03", "Es_13_03\Es_13_03.csproj", "{60C507F8-0D6D-461B-A95A-86C9F2C36DCA}"
EndProject
Project("{9A19103F-16F7-4668-BE54-9A1E7A4F7556}") = "The World", "The World\The World.csproj", "{36399034-82BC-4DAA-A12F-4DF629CD7F29}"
EndProject
Project("{9A19103F-16F7-4668-BE54-9A1E7A4F7556}") = "Bonus Cittadino", "Bonus Cittadino\Bonus Cittadino.csproj", "{813130D1-B8FC-459D-9DEB-C819035D5623}"
EndProject
Project("{9A19103F-16F7-4668-BE54-9A1E7A4F7556}") = "Abstraction", "Abstraction\Abstraction.csproj", "{859759E0-FF22-4BE0-826E-6E3F4FDDCA2B}"
EndProject
Project("{9A19103F-16F7-4668-BE54-9A1E7A4F7556}") = "Esercizio_Int", "Esercizio_Int\Esercizio_Int.csproj", "{46BA153D-3D8D-4130-B12B-ED1028CEF1CA}"
EndProject
Project("{9A19103F-16F7-4668-BE54-9A1E7A4F7556}") = "Es22.03.Banca", "Es22.03.Banca\Es22.03.Banca.csproj", "{426AAD65-6812-4A2D-95FC-E0E4882CD6ED}"
EndProject
Project("{9A19103F-16F7-4668-BE54-9A1E7A4F7556}") = "Esercizio Array", "Esercizio Array\Esercizio Array.csproj", "{6BEC2FDC-8190-4F7C-BF1B-61D4819DF6A0}"
EndProject
Project("{9A19103F-16F7-4668-BE54-9A1E7A4F7556}") = "OOP.Exercise.Polimorfismo.002", "Exercise002\OOP.Exercise.Polimorfismo.002.csproj", "{2752FB44-69B5-46F3-992F-4317ABB68555}"
EndProject
Project("{9A19103F-16F7-4668-BE54-9A1E7A4F7556}") = "SongStreaming", "SongStreaming\SongStreaming.csproj", "{5B2A085D-FF06-4612-BFCF-E805F8E6ABF1}"
EndProject
Project("{9A19103F-16F7-4668-BE54-9A1E7A4F7556}") = "Generics", "Generics\Generics.csproj", "{396FFDE9-EDD1-4FED-A0CE-A7B8D1E630C6}"
EndProject
Project("{9A19103F-16F7-4668-BE54-9A1E7A4F7556}") = "EsercizioDelegate", "EsercizioDelegate\EsercizioDelegate.csproj", "{4C2A87A1-01ED-44CC-B154-2686FDA5EAB9}"
EndProject
Project("{9A19103F-16F7-4668-BE54-9A1E7A4F7556}") = "PianoAssicurativo", "PianoAssicurativo\PianoAssicurativo.csproj", "{E306CE63-94C6-4CC6-8362-0169DA6CAF67}"
EndProject
Project("{9A19103F-16F7-4668-BE54-9A1E7A4F7556}") = "Contatore COVID EUROPEO", "Contatore COVID EUROPEO\Contatore COVID EUROPEO.csproj", "{76936766-4CEC-4E70-9B07-0F38FF812357}"
EndProject
Project("{9A19103F-16F7-4668-BE54-9A1E7A4F7556}") = "EventFinanciary", "EventFinanciary\EventFinanciary.csproj", "{2D4BE714-DC81-4271-93D6-6A9C3A8B8FBF}"
EndProject
Project("{9A19103F-16F7-4668-BE54-9A1E7A4F7556}") = "Proxy", "Proxy\Proxy.csproj", "{EFF271E1-3FFD-4B2D-913B-87C6F82E831E}"
EndProject
Project("{9A19103F-16F7-4668-BE54-9A1E7A4F7556}") = "EventFinanciaryDesignPattern", "EventFinanciaryDesignPattern\EventFinanciaryDesignPattern.csproj", "{DA191857-BDDF-4585-AB5C-8F74DAA325F9}"
EndProject
Project("{9A19103F-16F7-4668-BE54-9A1E7A4F7556}") = "EsercizioabsFactory", "EsercizioabsFactory\EsercizioabsFactory.csproj", "{D9430580-1D6A-4EB9-8276-36C9E97A9876}"
EndProject
Project("{9A19103F-16F7-4668-BE54-9A1E7A4F7556}") = "Youtube", "Youtube\Youtube.csproj", "{14DB849A-D16A-471D-9EFF-D80B7AB1273A}"
EndProject
Project("{9A19103F-16F7-4668-BE54-9A1E7A4F7556}") = "asyncBreakfast", "asyncBreakfast\asyncBreakfast.csproj", "{60DA0296-DF1E-410B-B97E-AD19DBF5E08B}"
EndProject
Project("{2150E333-8FDC-42A3-9474-1A3956D46DE8}") = "FinalExercize", "FinalExercize", "{20D2AF54-7467-442D-BC18-C9D8D2E2852A}"
EndProject
Project("{2150E333-8FDC-42A3-9474-1A3956D46DE8}") = "Esercize", "Esercize", "{A3C8F520-4EE4-424D-A7BC-A687EF269C10}"
EndProject
Project("{9A19103F-16F7-4668-BE54-9A1E7A4F7556}") = "BackEndDelivery", "BackEndFood\BackEndDelivery.csproj", "{22F926C5-F1A0-4E82-945D-AC31EF884D28}"
EndProject
Project("{9A19103F-16F7-4668-BE54-9A1E7A4F7556}") = "ConversationJudgeToOfficeManager", "ConversationJudgeToOfficeManager\ConversationJudgeToOfficeManager.csproj", "{49947291-F731-4DBF-B9A9-993A19ADD1A9}"
EndProject
Project("{FAE04EC0-301F-11D3-BF4B-00C04F79EFBC}") = "Middleware", "Middleware\Middleware.csproj", "{742988CB-96D4-4A7E-8531-E44C9FF19A58}"
EndProject
Global
	GlobalSection(SolutionConfigurationPlatforms) = preSolution
		Debug|Any CPU = Debug|Any CPU
		Release|Any CPU = Release|Any CPU
	EndGlobalSection
	GlobalSection(ProjectConfigurationPlatforms) = postSolution
		{60C507F8-0D6D-461B-A95A-86C9F2C36DCA}.Debug|Any CPU.ActiveCfg = Debug|Any CPU
		{60C507F8-0D6D-461B-A95A-86C9F2C36DCA}.Debug|Any CPU.Build.0 = Debug|Any CPU
		{60C507F8-0D6D-461B-A95A-86C9F2C36DCA}.Release|Any CPU.ActiveCfg = Release|Any CPU
		{60C507F8-0D6D-461B-A95A-86C9F2C36DCA}.Release|Any CPU.Build.0 = Release|Any CPU
		{36399034-82BC-4DAA-A12F-4DF629CD7F29}.Debug|Any CPU.ActiveCfg = Debug|Any CPU
		{36399034-82BC-4DAA-A12F-4DF629CD7F29}.Debug|Any CPU.Build.0 = Debug|Any CPU
		{36399034-82BC-4DAA-A12F-4DF629CD7F29}.Release|Any CPU.ActiveCfg = Release|Any CPU
		{36399034-82BC-4DAA-A12F-4DF629CD7F29}.Release|Any CPU.Build.0 = Release|Any CPU
		{813130D1-B8FC-459D-9DEB-C819035D5623}.Debug|Any CPU.ActiveCfg = Debug|Any CPU
		{813130D1-B8FC-459D-9DEB-C819035D5623}.Debug|Any CPU.Build.0 = Debug|Any CPU
		{813130D1-B8FC-459D-9DEB-C819035D5623}.Release|Any CPU.ActiveCfg = Release|Any CPU
		{813130D1-B8FC-459D-9DEB-C819035D5623}.Release|Any CPU.Build.0 = Release|Any CPU
		{859759E0-FF22-4BE0-826E-6E3F4FDDCA2B}.Debug|Any CPU.ActiveCfg = Debug|Any CPU
		{859759E0-FF22-4BE0-826E-6E3F4FDDCA2B}.Debug|Any CPU.Build.0 = Debug|Any CPU
		{859759E0-FF22-4BE0-826E-6E3F4FDDCA2B}.Release|Any CPU.ActiveCfg = Release|Any CPU
		{859759E0-FF22-4BE0-826E-6E3F4FDDCA2B}.Release|Any CPU.Build.0 = Release|Any CPU
		{46BA153D-3D8D-4130-B12B-ED1028CEF1CA}.Debug|Any CPU.ActiveCfg = Debug|Any CPU
		{46BA153D-3D8D-4130-B12B-ED1028CEF1CA}.Debug|Any CPU.Build.0 = Debug|Any CPU
		{46BA153D-3D8D-4130-B12B-ED1028CEF1CA}.Release|Any CPU.ActiveCfg = Release|Any CPU
		{46BA153D-3D8D-4130-B12B-ED1028CEF1CA}.Release|Any CPU.Build.0 = Release|Any CPU
		{426AAD65-6812-4A2D-95FC-E0E4882CD6ED}.Debug|Any CPU.ActiveCfg = Debug|Any CPU
		{426AAD65-6812-4A2D-95FC-E0E4882CD6ED}.Debug|Any CPU.Build.0 = Debug|Any CPU
		{426AAD65-6812-4A2D-95FC-E0E4882CD6ED}.Release|Any CPU.ActiveCfg = Release|Any CPU
		{426AAD65-6812-4A2D-95FC-E0E4882CD6ED}.Release|Any CPU.Build.0 = Release|Any CPU
		{6BEC2FDC-8190-4F7C-BF1B-61D4819DF6A0}.Debug|Any CPU.ActiveCfg = Debug|Any CPU
		{6BEC2FDC-8190-4F7C-BF1B-61D4819DF6A0}.Debug|Any CPU.Build.0 = Debug|Any CPU
		{6BEC2FDC-8190-4F7C-BF1B-61D4819DF6A0}.Release|Any CPU.ActiveCfg = Release|Any CPU
		{6BEC2FDC-8190-4F7C-BF1B-61D4819DF6A0}.Release|Any CPU.Build.0 = Release|Any CPU
		{2752FB44-69B5-46F3-992F-4317ABB68555}.Debug|Any CPU.ActiveCfg = Debug|Any CPU
		{2752FB44-69B5-46F3-992F-4317ABB68555}.Debug|Any CPU.Build.0 = Debug|Any CPU
		{2752FB44-69B5-46F3-992F-4317ABB68555}.Release|Any CPU.ActiveCfg = Release|Any CPU
		{2752FB44-69B5-46F3-992F-4317ABB68555}.Release|Any CPU.Build.0 = Release|Any CPU
		{5B2A085D-FF06-4612-BFCF-E805F8E6ABF1}.Debug|Any CPU.ActiveCfg = Debug|Any CPU
		{5B2A085D-FF06-4612-BFCF-E805F8E6ABF1}.Debug|Any CPU.Build.0 = Debug|Any CPU
		{5B2A085D-FF06-4612-BFCF-E805F8E6ABF1}.Release|Any CPU.ActiveCfg = Release|Any CPU
		{5B2A085D-FF06-4612-BFCF-E805F8E6ABF1}.Release|Any CPU.Build.0 = Release|Any CPU
		{396FFDE9-EDD1-4FED-A0CE-A7B8D1E630C6}.Debug|Any CPU.ActiveCfg = Debug|Any CPU
		{396FFDE9-EDD1-4FED-A0CE-A7B8D1E630C6}.Debug|Any CPU.Build.0 = Debug|Any CPU
		{396FFDE9-EDD1-4FED-A0CE-A7B8D1E630C6}.Release|Any CPU.ActiveCfg = Release|Any CPU
		{396FFDE9-EDD1-4FED-A0CE-A7B8D1E630C6}.Release|Any CPU.Build.0 = Release|Any CPU
		{4C2A87A1-01ED-44CC-B154-2686FDA5EAB9}.Debug|Any CPU.ActiveCfg = Debug|Any CPU
		{4C2A87A1-01ED-44CC-B154-2686FDA5EAB9}.Debug|Any CPU.Build.0 = Debug|Any CPU
		{4C2A87A1-01ED-44CC-B154-2686FDA5EAB9}.Release|Any CPU.ActiveCfg = Release|Any CPU
		{4C2A87A1-01ED-44CC-B154-2686FDA5EAB9}.Release|Any CPU.Build.0 = Release|Any CPU
		{E306CE63-94C6-4CC6-8362-0169DA6CAF67}.Debug|Any CPU.ActiveCfg = Debug|Any CPU
		{E306CE63-94C6-4CC6-8362-0169DA6CAF67}.Debug|Any CPU.Build.0 = Debug|Any CPU
		{E306CE63-94C6-4CC6-8362-0169DA6CAF67}.Release|Any CPU.ActiveCfg = Release|Any CPU
		{E306CE63-94C6-4CC6-8362-0169DA6CAF67}.Release|Any CPU.Build.0 = Release|Any CPU
		{76936766-4CEC-4E70-9B07-0F38FF812357}.Debug|Any CPU.ActiveCfg = Debug|Any CPU
		{76936766-4CEC-4E70-9B07-0F38FF812357}.Debug|Any CPU.Build.0 = Debug|Any CPU
		{76936766-4CEC-4E70-9B07-0F38FF812357}.Release|Any CPU.ActiveCfg = Release|Any CPU
		{76936766-4CEC-4E70-9B07-0F38FF812357}.Release|Any CPU.Build.0 = Release|Any CPU
		{2D4BE714-DC81-4271-93D6-6A9C3A8B8FBF}.Debug|Any CPU.ActiveCfg = Debug|Any CPU
		{2D4BE714-DC81-4271-93D6-6A9C3A8B8FBF}.Debug|Any CPU.Build.0 = Debug|Any CPU
		{2D4BE714-DC81-4271-93D6-6A9C3A8B8FBF}.Release|Any CPU.ActiveCfg = Release|Any CPU
		{2D4BE714-DC81-4271-93D6-6A9C3A8B8FBF}.Release|Any CPU.Build.0 = Release|Any CPU
		{EFF271E1-3FFD-4B2D-913B-87C6F82E831E}.Debug|Any CPU.ActiveCfg = Debug|Any CPU
		{EFF271E1-3FFD-4B2D-913B-87C6F82E831E}.Debug|Any CPU.Build.0 = Debug|Any CPU
		{EFF271E1-3FFD-4B2D-913B-87C6F82E831E}.Release|Any CPU.ActiveCfg = Release|Any CPU
		{EFF271E1-3FFD-4B2D-913B-87C6F82E831E}.Release|Any CPU.Build.0 = Release|Any CPU
		{DA191857-BDDF-4585-AB5C-8F74DAA325F9}.Debug|Any CPU.ActiveCfg = Debug|Any CPU
		{DA191857-BDDF-4585-AB5C-8F74DAA325F9}.Debug|Any CPU.Build.0 = Debug|Any CPU
		{DA191857-BDDF-4585-AB5C-8F74DAA325F9}.Release|Any CPU.ActiveCfg = Release|Any CPU
		{DA191857-BDDF-4585-AB5C-8F74DAA325F9}.Release|Any CPU.Build.0 = Release|Any CPU
		{D9430580-1D6A-4EB9-8276-36C9E97A9876}.Debug|Any CPU.ActiveCfg = Debug|Any CPU
		{D9430580-1D6A-4EB9-8276-36C9E97A9876}.Debug|Any CPU.Build.0 = Debug|Any CPU
		{D9430580-1D6A-4EB9-8276-36C9E97A9876}.Release|Any CPU.ActiveCfg = Release|Any CPU
		{D9430580-1D6A-4EB9-8276-36C9E97A9876}.Release|Any CPU.Build.0 = Release|Any CPU
		{14DB849A-D16A-471D-9EFF-D80B7AB1273A}.Debug|Any CPU.ActiveCfg = Debug|Any CPU
		{14DB849A-D16A-471D-9EFF-D80B7AB1273A}.Debug|Any CPU.Build.0 = Debug|Any CPU
		{14DB849A-D16A-471D-9EFF-D80B7AB1273A}.Release|Any CPU.ActiveCfg = Release|Any CPU
		{14DB849A-D16A-471D-9EFF-D80B7AB1273A}.Release|Any CPU.Build.0 = Release|Any CPU
		{60DA0296-DF1E-410B-B97E-AD19DBF5E08B}.Debug|Any CPU.ActiveCfg = Debug|Any CPU
		{60DA0296-DF1E-410B-B97E-AD19DBF5E08B}.Debug|Any CPU.Build.0 = Debug|Any CPU
		{60DA0296-DF1E-410B-B97E-AD19DBF5E08B}.Release|Any CPU.ActiveCfg = Release|Any CPU
		{60DA0296-DF1E-410B-B97E-AD19DBF5E08B}.Release|Any CPU.Build.0 = Release|Any CPU
		{22F926C5-F1A0-4E82-945D-AC31EF884D28}.Debug|Any CPU.ActiveCfg = Debug|Any CPU
		{22F926C5-F1A0-4E82-945D-AC31EF884D28}.Debug|Any CPU.Build.0 = Debug|Any CPU
		{22F926C5-F1A0-4E82-945D-AC31EF884D28}.Release|Any CPU.ActiveCfg = Release|Any CPU
		{22F926C5-F1A0-4E82-945D-AC31EF884D28}.Release|Any CPU.Build.0 = Release|Any CPU
		{49947291-F731-4DBF-B9A9-993A19ADD1A9}.Debug|Any CPU.ActiveCfg = Debug|Any CPU
		{49947291-F731-4DBF-B9A9-993A19ADD1A9}.Debug|Any CPU.Build.0 = Debug|Any CPU
		{49947291-F731-4DBF-B9A9-993A19ADD1A9}.Release|Any CPU.ActiveCfg = Release|Any CPU
		{49947291-F731-4DBF-B9A9-993A19ADD1A9}.Release|Any CPU.Build.0 = Release|Any CPU
		{742988CB-96D4-4A7E-8531-E44C9FF19A58}.Debug|Any CPU.ActiveCfg = Debug|Any CPU
		{742988CB-96D4-4A7E-8531-E44C9FF19A58}.Debug|Any CPU.Build.0 = Debug|Any CPU
		{742988CB-96D4-4A7E-8531-E44C9FF19A58}.Release|Any CPU.ActiveCfg = Release|Any CPU
		{742988CB-96D4-4A7E-8531-E44C9FF19A58}.Release|Any CPU.Build.0 = Release|Any CPU
	EndGlobalSection
	GlobalSection(SolutionProperties) = preSolution
		HideSolutionNode = FALSE
	EndGlobalSection
	GlobalSection(NestedProjects) = preSolution
		{60C507F8-0D6D-461B-A95A-86C9F2C36DCA} = {A3C8F520-4EE4-424D-A7BC-A687EF269C10}
		{36399034-82BC-4DAA-A12F-4DF629CD7F29} = {A3C8F520-4EE4-424D-A7BC-A687EF269C10}
		{813130D1-B8FC-459D-9DEB-C819035D5623} = {A3C8F520-4EE4-424D-A7BC-A687EF269C10}
		{859759E0-FF22-4BE0-826E-6E3F4FDDCA2B} = {A3C8F520-4EE4-424D-A7BC-A687EF269C10}
		{46BA153D-3D8D-4130-B12B-ED1028CEF1CA} = {A3C8F520-4EE4-424D-A7BC-A687EF269C10}
		{426AAD65-6812-4A2D-95FC-E0E4882CD6ED} = {A3C8F520-4EE4-424D-A7BC-A687EF269C10}
		{6BEC2FDC-8190-4F7C-BF1B-61D4819DF6A0} = {A3C8F520-4EE4-424D-A7BC-A687EF269C10}
		{2752FB44-69B5-46F3-992F-4317ABB68555} = {A3C8F520-4EE4-424D-A7BC-A687EF269C10}
		{5B2A085D-FF06-4612-BFCF-E805F8E6ABF1} = {A3C8F520-4EE4-424D-A7BC-A687EF269C10}
		{396FFDE9-EDD1-4FED-A0CE-A7B8D1E630C6} = {A3C8F520-4EE4-424D-A7BC-A687EF269C10}
		{4C2A87A1-01ED-44CC-B154-2686FDA5EAB9} = {A3C8F520-4EE4-424D-A7BC-A687EF269C10}
		{E306CE63-94C6-4CC6-8362-0169DA6CAF67} = {A3C8F520-4EE4-424D-A7BC-A687EF269C10}
		{76936766-4CEC-4E70-9B07-0F38FF812357} = {A3C8F520-4EE4-424D-A7BC-A687EF269C10}
		{2D4BE714-DC81-4271-93D6-6A9C3A8B8FBF} = {A3C8F520-4EE4-424D-A7BC-A687EF269C10}
		{EFF271E1-3FFD-4B2D-913B-87C6F82E831E} = {A3C8F520-4EE4-424D-A7BC-A687EF269C10}
		{DA191857-BDDF-4585-AB5C-8F74DAA325F9} = {A3C8F520-4EE4-424D-A7BC-A687EF269C10}
		{D9430580-1D6A-4EB9-8276-36C9E97A9876} = {A3C8F520-4EE4-424D-A7BC-A687EF269C10}
		{14DB849A-D16A-471D-9EFF-D80B7AB1273A} = {A3C8F520-4EE4-424D-A7BC-A687EF269C10}
		{60DA0296-DF1E-410B-B97E-AD19DBF5E08B} = {A3C8F520-4EE4-424D-A7BC-A687EF269C10}
		{22F926C5-F1A0-4E82-945D-AC31EF884D28} = {20D2AF54-7467-442D-BC18-C9D8D2E2852A}
		{49947291-F731-4DBF-B9A9-993A19ADD1A9} = {20D2AF54-7467-442D-BC18-C9D8D2E2852A}
		{742988CB-96D4-4A7E-8531-E44C9FF19A58} = {20D2AF54-7467-442D-BC18-C9D8D2E2852A}
	EndGlobalSection
	GlobalSection(ExtensibilityGlobals) = postSolution
		SolutionGuid = {FC8F8350-27A6-4166-A54A-8B2F1E08ED45}
	EndGlobalSection
EndGlobal
